# This file is automatically @generated by Cargo.
# It is not intended for manual editing.
version = 4

[[package]]
name = "ast"
version = "0.1.0"
dependencies = [
 "tokens",
]

[[package]]
name = "backend-zealz80"
version = "0.1.0"
dependencies = [
 "ir",
 "runtime-spec",
 "tokens",
 "types",
]

[[package]]
name = "errors"
version = "0.1.0"
dependencies = [
 "tokens",
]

[[package]]
name = "ir"
version = "0.1.0"
dependencies = [
 "ast",
 "tokens",
 "types",
]

[[package]]
name = "lexer"
version = "0.1.0"
dependencies = [
 "tokens",
]

[[package]]
name = "parser"
version = "0.1.0"
dependencies = [
 "ast",
 "errors",
 "lexer",
 "tokens",
]

[[package]]
name = "runtime-spec"
version = "0.1.0"

[[package]]
name = "semantics"
version = "0.1.0"
dependencies = [
 "ast",
 "errors",
 "symbols",
 "tokens",
 "types",
]

[[package]]
name = "symbols"
version = "0.1.0"
dependencies = [
 "ast",
 "tokens",
 "types",
]

[[package]]
name = "tokens"
version = "0.1.0"

[[package]]
name = "types"
version = "0.1.0"
dependencies = [
 "ast",
]
